
Microsoft Visual Studio Solution File, Format Version 12.00
# Visual Studio Version 17
VisualStudioVersion = 17.5.33414.496
MinimumVisualStudioVersion = 10.0.40219.1
Project("{FAE04EC0-301F-11D3-BF4B-00C04F79EFBC}") = "EmployeeWageComputationProblem", "EmployeeWageComputationProblem.csproj", "{9941B24D-4898-4BD1-AB29-76CDF322A0B0}"
EndProject
Global
	GlobalSection(SolutionConfigurationPlatforms) = preSolution
		Debug|Any CPU = Debug|Any CPU
		Release|Any CPU = Release|Any CPU
	EndGlobalSection
	GlobalSection(ProjectConfigurationPlatforms) = postSolution
		{9941B24D-4898-4BD1-AB29-76CDF322A0B0}.Debug|Any CPU.ActiveCfg = Debug|Any CPU
		{9941B24D-4898-4BD1-AB29-76CDF322A0B0}.Debug|Any CPU.Build.0 = Debug|Any CPU
		{9941B24D-4898-4BD1-AB29-76CDF322A0B0}.Release|Any CPU.ActiveCfg = Release|Any CPU
		{9941B24D-4898-4BD1-AB29-76CDF322A0B0}.Release|Any CPU.Build.0 = Release|Any CPU
	EndGlobalSection
	GlobalSection(SolutionProperties) = preSolution
		HideSolutionNode = FALSE
	EndGlobalSection
	GlobalSection(ExtensibilityGlobals) = postSolution
		SolutionGuid = {EB846932-33BD-4F6A-8066-F079F01FC300}
	EndGlobalSection
EndGlobal
